
Microsoft Visual Studio Solution File, Format Version 12.00
# Visual Studio 15
VisualStudioVersion = 15.0.27130.2026
MinimumVisualStudioVersion = 10.0.40219.1
Project("{F2A71F9B-5D33-465A-A702-920D77279786}") = "EngineTests", "EngineTests\EngineTests.fsproj", "{CD15E1D0-D956-49C6-A1D5-B970780AFF14}"
EndProject
Project("{F2A71F9B-5D33-465A-A702-920D77279786}") = "GraphQLLib", "GraphQLLib\GraphQLLib.fsproj", "{6057AE5D-0A0A-4B19-841A-4235CDFCCD25}"
EndProject
Global
	GlobalSection(SolutionConfigurationPlatforms) = preSolution
		Debug|Any CPU = Debug|Any CPU
		Release|Any CPU = Release|Any CPU
	EndGlobalSection
	GlobalSection(ProjectConfigurationPlatforms) = postSolution
		{CD15E1D0-D956-49C6-A1D5-B970780AFF14}.Debug|Any CPU.ActiveCfg = Debug|Any CPU
		{CD15E1D0-D956-49C6-A1D5-B970780AFF14}.Debug|Any CPU.Build.0 = Debug|Any CPU
		{CD15E1D0-D956-49C6-A1D5-B970780AFF14}.Release|Any CPU.ActiveCfg = Release|Any CPU
		{CD15E1D0-D956-49C6-A1D5-B970780AFF14}.Release|Any CPU.Build.0 = Release|Any CPU
		{6057AE5D-0A0A-4B19-841A-4235CDFCCD25}.Debug|Any CPU.ActiveCfg = Debug|Any CPU
		{6057AE5D-0A0A-4B19-841A-4235CDFCCD25}.Debug|Any CPU.Build.0 = Debug|Any CPU
		{6057AE5D-0A0A-4B19-841A-4235CDFCCD25}.Release|Any CPU.ActiveCfg = Release|Any CPU
		{6057AE5D-0A0A-4B19-841A-4235CDFCCD25}.Release|Any CPU.Build.0 = Release|Any CPU
	EndGlobalSection
	GlobalSection(SolutionProperties) = preSolution
		HideSolutionNode = FALSE
	EndGlobalSection
	GlobalSection(ExtensibilityGlobals) = postSolution
		SolutionGuid = {BBEF774F-56C7-435B-A052-6A4A7606DD4E}
	EndGlobalSection
EndGlobal
